
Microsoft Visual Studio Solution File, Format Version 12.00
# Visual Studio 15
VisualStudioVersion = 15.0.26228.4
MinimumVisualStudioVersion = 10.0.40219.1
Project("{FAE04EC0-301F-11D3-BF4B-00C04F79EFBC}") = "IoT.GrainInterfaces", "IoT.GrainInterfaces\IoT.GrainInterfaces.csproj", "{8BFD0AE5-CEE5-4933-AA02-BC3079EFEA18}"
EndProject
Project("{FAE04EC0-301F-11D3-BF4B-00C04F79EFBC}") = "IoT.GrainClasses", "IoT.GrainClasses\IoT.GrainClasses.csproj", "{7E08DBFA-B293-49C9-881A-29ED4D880C31}"
EndProject
Project("{FAE04EC0-301F-11D3-BF4B-00C04F79EFBC}") = "IoT.TestSilo", "IoT.TestSilo\IoT.TestSilo.csproj", "{94A14183-6419-492F-95DF-9E4E26D5ED9D}"
EndProject
Project("{FAE04EC0-301F-11D3-BF4B-00C04F79EFBC}") = "IoT.FileStorage", "IoT.FileStorage\IoT.FileStorage.csproj", "{EA8BFB5D-4789-4B1C-90C3-5BC4D9B6160E}"
EndProject
Global
	GlobalSection(SolutionConfigurationPlatforms) = preSolution
		Debug|Any CPU = Debug|Any CPU
		Release|Any CPU = Release|Any CPU
	EndGlobalSection
	GlobalSection(ProjectConfigurationPlatforms) = postSolution
		{8BFD0AE5-CEE5-4933-AA02-BC3079EFEA18}.Debug|Any CPU.ActiveCfg = Debug|Any CPU
		{8BFD0AE5-CEE5-4933-AA02-BC3079EFEA18}.Debug|Any CPU.Build.0 = Debug|Any CPU
		{8BFD0AE5-CEE5-4933-AA02-BC3079EFEA18}.Release|Any CPU.ActiveCfg = Release|Any CPU
		{8BFD0AE5-CEE5-4933-AA02-BC3079EFEA18}.Release|Any CPU.Build.0 = Release|Any CPU
		{7E08DBFA-B293-49C9-881A-29ED4D880C31}.Debug|Any CPU.ActiveCfg = Debug|Any CPU
		{7E08DBFA-B293-49C9-881A-29ED4D880C31}.Debug|Any CPU.Build.0 = Debug|Any CPU
		{7E08DBFA-B293-49C9-881A-29ED4D880C31}.Release|Any CPU.ActiveCfg = Release|Any CPU
		{7E08DBFA-B293-49C9-881A-29ED4D880C31}.Release|Any CPU.Build.0 = Release|Any CPU
		{94A14183-6419-492F-95DF-9E4E26D5ED9D}.Debug|Any CPU.ActiveCfg = Debug|Any CPU
		{94A14183-6419-492F-95DF-9E4E26D5ED9D}.Debug|Any CPU.Build.0 = Debug|Any CPU
		{94A14183-6419-492F-95DF-9E4E26D5ED9D}.Release|Any CPU.ActiveCfg = Release|Any CPU
		{94A14183-6419-492F-95DF-9E4E26D5ED9D}.Release|Any CPU.Build.0 = Release|Any CPU
		{EA8BFB5D-4789-4B1C-90C3-5BC4D9B6160E}.Debug|Any CPU.ActiveCfg = Debug|Any CPU
		{EA8BFB5D-4789-4B1C-90C3-5BC4D9B6160E}.Debug|Any CPU.Build.0 = Debug|Any CPU
		{EA8BFB5D-4789-4B1C-90C3-5BC4D9B6160E}.Release|Any CPU.ActiveCfg = Release|Any CPU
		{EA8BFB5D-4789-4B1C-90C3-5BC4D9B6160E}.Release|Any CPU.Build.0 = Release|Any CPU
	EndGlobalSection
	GlobalSection(SolutionProperties) = preSolution
		HideSolutionNode = FALSE
	EndGlobalSection
EndGlobal
